
Microsoft Visual Studio Solution File, Format Version 12.00
# Visual Studio Version 17
VisualStudioVersion = 17.1.32228.430
MinimumVisualStudioVersion = 10.0.40219.1
Project("{9A19103F-16F7-4668-BE54-9A1E7A4F7556}") = "OneBitSoftware.Utilities.OperationResult", "OneBitSoftware.Utilities.OperationResult\OneBitSoftware.Utilities.OperationResult.csproj", "{ACC326A2-84FE-4C2A-92C4-F785E34F9F60}"
EndProject
Project("{FAE04EC0-301F-11D3-BF4B-00C04F79EFBC}") = "OneBitSoftware.Utilities.OperationResultTests", "..\tests\OneBitSoftware.Utilities.OperationResultTests\OneBitSoftware.Utilities.OperationResultTests.csproj", "{142313C6-5DC0-4428-AE63-487B8D41552E}"
EndProject
Global
	GlobalSection(SolutionConfigurationPlatforms) = preSolution
		Debug|Any CPU = Debug|Any CPU
		Release|Any CPU = Release|Any CPU
	EndGlobalSection
	GlobalSection(ProjectConfigurationPlatforms) = postSolution
		{ACC326A2-84FE-4C2A-92C4-F785E34F9F60}.Debug|Any CPU.ActiveCfg = Debug|Any CPU
		{ACC326A2-84FE-4C2A-92C4-F785E34F9F60}.Debug|Any CPU.Build.0 = Debug|Any CPU
		{ACC326A2-84FE-4C2A-92C4-F785E34F9F60}.Release|Any CPU.ActiveCfg = Release|Any CPU
		{ACC326A2-84FE-4C2A-92C4-F785E34F9F60}.Release|Any CPU.Build.0 = Release|Any CPU
		{142313C6-5DC0-4428-AE63-487B8D41552E}.Debug|Any CPU.ActiveCfg = Debug|Any CPU
		{142313C6-5DC0-4428-AE63-487B8D41552E}.Debug|Any CPU.Build.0 = Debug|Any CPU
		{142313C6-5DC0-4428-AE63-487B8D41552E}.Release|Any CPU.ActiveCfg = Release|Any CPU
		{142313C6-5DC0-4428-AE63-487B8D41552E}.Release|Any CPU.Build.0 = Release|Any CPU
	EndGlobalSection
	GlobalSection(SolutionProperties) = preSolution
		HideSolutionNode = FALSE
	EndGlobalSection
	GlobalSection(ExtensibilityGlobals) = postSolution
		SolutionGuid = {3A384A11-1CD9-4A02-A6BB-3EC782DBF254}
	EndGlobalSection
EndGlobal
